
Microsoft Visual Studio Solution File, Format Version 12.00
# Visual Studio Version 17
VisualStudioVersion = 17.1.32414.318
MinimumVisualStudioVersion = 10.0.40219.1
Project("{FAE04EC0-301F-11D3-BF4B-00C04F79EFBC}") = "GoalApp.Windows", "GoalApp.Windows.csproj", "{989DCBD0-061D-46C1-98CD-99153D62BB0E}"
EndProject
Global
	GlobalSection(SolutionConfigurationPlatforms) = preSolution
		Debug|Any CPU = Debug|Any CPU
		Release|Any CPU = Release|Any CPU
	EndGlobalSection
	GlobalSection(ProjectConfigurationPlatforms) = postSolution
		{989DCBD0-061D-46C1-98CD-99153D62BB0E}.Debug|Any CPU.ActiveCfg = Debug|Any CPU
		{989DCBD0-061D-46C1-98CD-99153D62BB0E}.Debug|Any CPU.Build.0 = Debug|Any CPU
		{989DCBD0-061D-46C1-98CD-99153D62BB0E}.Release|Any CPU.ActiveCfg = Release|Any CPU
		{989DCBD0-061D-46C1-98CD-99153D62BB0E}.Release|Any CPU.Build.0 = Release|Any CPU
	EndGlobalSection
	GlobalSection(SolutionProperties) = preSolution
		HideSolutionNode = FALSE
	EndGlobalSection
	GlobalSection(ExtensibilityGlobals) = postSolution
		SolutionGuid = {352B6D5C-10EF-468F-8391-25BC8D613572}
	EndGlobalSection
EndGlobal
